
Microsoft Visual Studio Solution File, Format Version 12.00
# Visual Studio Version 16
VisualStudioVersion = 25.0.1705.1
MinimumVisualStudioVersion = 10.0.40219.1
Project("{2150E333-8FDC-42A3-9474-1A3956D46DE8}") = "01.Clients", "01.Clients", "{632B7243-FBF4-4566-BFFB-811F3D71FCAF}"
EndProject
Project("{2150E333-8FDC-42A3-9474-1A3956D46DE8}") = "02.Api.Gateways", "02.Api.Gateways", "{0DA80F49-34C8-4B04-A69E-51C16C428267}"
EndProject
Project("{2150E333-8FDC-42A3-9474-1A3956D46DE8}") = "03.Services", "03.Services", "{F8A75D80-6A80-4D67-9864-07C36D96B68B}"
EndProject
Project("{2150E333-8FDC-42A3-9474-1A3956D46DE8}") = "02.Catalog", "02.Catalog", "{95027CC5-0B9D-4A97-935B-7A6C5393F233}"
EndProject
Project("{2150E333-8FDC-42A3-9474-1A3956D46DE8}") = "04.Order", "04.Order", "{8835AB98-E8F3-481E-B4D5-B1D69BE6C253}"
EndProject
Project("{2150E333-8FDC-42A3-9474-1A3956D46DE8}") = "03.Customer", "03.Customer", "{21626E77-520B-47E3-8D49-CDEFF35E9130}"
EndProject
Project("{FAE04EC0-301F-11D3-BF4B-00C04F79EFBC}") = "Catalog.Api", "src\Services\Catalog\Catalog.Api\Catalog.Api.csproj", "{88361D90-2F23-40A6-8AF2-A0877106758D}"
EndProject
Project("{FAE04EC0-301F-11D3-BF4B-00C04F79EFBC}") = "Catalog.Persistence.Database", "src\Services\Catalog\Catalog.Persistence.Database\Catalog.Persistence.Database.csproj", "{95C21ED3-7770-4D21-B1A8-124EA9341F46}"
EndProject
Project("{FAE04EC0-301F-11D3-BF4B-00C04F79EFBC}") = "Catalog.Domain", "src\Services\Catalog\Catalog.Domain\Catalog.Domain.csproj", "{1C76BF2E-4F11-45E7-AE34-9BC983212E58}"
EndProject
Project("{2150E333-8FDC-42A3-9474-1A3956D46DE8}") = "01.Identity", "01.Identity", "{BCF41DD1-7985-478A-991A-D214B98679C9}"
EndProject
Project("{FAE04EC0-301F-11D3-BF4B-00C04F79EFBC}") = "Catalog.Service.Queries", "src\Services\Catalog\Catalog.Service.Queries\Catalog.Service.Queries.csproj", "{66F5F3B7-96E6-4C9D-9169-44E3979A2C18}"
EndProject
Project("{2150E333-8FDC-42A3-9474-1A3956D46DE8}") = "Common", "Common", "{0F9A557B-2AA1-4A75-87D8-09141EC6DDF7}"
EndProject
Project("{FAE04EC0-301F-11D3-BF4B-00C04F79EFBC}") = "Service.Common.Mapping", "src\Services\Common\Service.Common.Mapping\Service.Common.Mapping.csproj", "{6E7C5900-41AA-48E4-AFB1-F68D3A4B6C64}"
EndProject
Project("{FAE04EC0-301F-11D3-BF4B-00C04F79EFBC}") = "Service.Common.Paging", "src\Services\Common\Service.Common.Paging\Service.Common.Paging.csproj", "{E72D30CD-0C2F-40EC-B6C6-D68882F8BD4A}"
EndProject
Project("{FAE04EC0-301F-11D3-BF4B-00C04F79EFBC}") = "Service.Common.Collection", "src\Services\Common\Service.Common.Collection\Service.Common.Collection.csproj", "{83EBBE9C-B94D-4D38-8467-AD0FDC06DEA9}"
EndProject
Project("{FAE04EC0-301F-11D3-BF4B-00C04F79EFBC}") = "Catalog.Service.EventHandlers", "src\Services\Catalog\Catalog.Service.EventHandlers\Catalog.Service.EventHandlers.csproj", "{8A84875F-7657-4235-BE71-0873CCEA4921}"
EndProject
Project("{FAE04EC0-301F-11D3-BF4B-00C04F79EFBC}") = "Catalog.Common", "src\Services\Catalog\Catalog.Common\Catalog.Common.csproj", "{6EBF96B8-A95E-4EF6-9A41-4C0E38C5EE5D}"
EndProject
Project("{2150E333-8FDC-42A3-9474-1A3956D46DE8}") = "04.Common", "04.Common", "{FD9E9F17-E28F-4981-87EF-7EC6FF63152A}"
EndProject
Project("{FAE04EC0-301F-11D3-BF4B-00C04F79EFBC}") = "Common.Logging", "src\Common.Logging\Common.Logging.csproj", "{C7B03EED-3803-4AF7-9A44-4E0224F881AF}"
EndProject
Project("{FAE04EC0-301F-11D3-BF4B-00C04F79EFBC}") = "Customer.Domain", "src\Services\Customer\Customer.Domain\Customer.Domain.csproj", "{CBB8B1E3-BA07-4441-AE35-A92FDCD1AF17}"
EndProject
Project("{FAE04EC0-301F-11D3-BF4B-00C04F79EFBC}") = "Order.Domain", "src\Services\Order\Order.Domain\Order.Domain.csproj", "{D4CD8EB7-5990-4F4C-A708-F4A8FFD9CC2C}"
EndProject
Project("{FAE04EC0-301F-11D3-BF4B-00C04F79EFBC}") = "Order.Common", "src\Services\Order\Order.Common\Order.Common.csproj", "{B45EE305-80BF-4EAE-B28E-BA29259009C8}"
EndProject
Global
	GlobalSection(SolutionConfigurationPlatforms) = preSolution
		Debug|Any CPU = Debug|Any CPU
		Release|Any CPU = Release|Any CPU
	EndGlobalSection
	GlobalSection(ProjectConfigurationPlatforms) = postSolution
		{88361D90-2F23-40A6-8AF2-A0877106758D}.Debug|Any CPU.ActiveCfg = Debug|Any CPU
		{88361D90-2F23-40A6-8AF2-A0877106758D}.Debug|Any CPU.Build.0 = Debug|Any CPU
		{88361D90-2F23-40A6-8AF2-A0877106758D}.Release|Any CPU.ActiveCfg = Release|Any CPU
		{88361D90-2F23-40A6-8AF2-A0877106758D}.Release|Any CPU.Build.0 = Release|Any CPU
		{95C21ED3-7770-4D21-B1A8-124EA9341F46}.Debug|Any CPU.ActiveCfg = Debug|Any CPU
		{95C21ED3-7770-4D21-B1A8-124EA9341F46}.Debug|Any CPU.Build.0 = Debug|Any CPU
		{95C21ED3-7770-4D21-B1A8-124EA9341F46}.Release|Any CPU.ActiveCfg = Release|Any CPU
		{95C21ED3-7770-4D21-B1A8-124EA9341F46}.Release|Any CPU.Build.0 = Release|Any CPU
		{1C76BF2E-4F11-45E7-AE34-9BC983212E58}.Debug|Any CPU.ActiveCfg = Debug|Any CPU
		{1C76BF2E-4F11-45E7-AE34-9BC983212E58}.Debug|Any CPU.Build.0 = Debug|Any CPU
		{1C76BF2E-4F11-45E7-AE34-9BC983212E58}.Release|Any CPU.ActiveCfg = Release|Any CPU
		{1C76BF2E-4F11-45E7-AE34-9BC983212E58}.Release|Any CPU.Build.0 = Release|Any CPU
		{66F5F3B7-96E6-4C9D-9169-44E3979A2C18}.Debug|Any CPU.ActiveCfg = Debug|Any CPU
		{66F5F3B7-96E6-4C9D-9169-44E3979A2C18}.Debug|Any CPU.Build.0 = Debug|Any CPU
		{66F5F3B7-96E6-4C9D-9169-44E3979A2C18}.Release|Any CPU.ActiveCfg = Release|Any CPU
		{66F5F3B7-96E6-4C9D-9169-44E3979A2C18}.Release|Any CPU.Build.0 = Release|Any CPU
		{6E7C5900-41AA-48E4-AFB1-F68D3A4B6C64}.Debug|Any CPU.ActiveCfg = Debug|Any CPU
		{6E7C5900-41AA-48E4-AFB1-F68D3A4B6C64}.Debug|Any CPU.Build.0 = Debug|Any CPU
		{6E7C5900-41AA-48E4-AFB1-F68D3A4B6C64}.Release|Any CPU.ActiveCfg = Release|Any CPU
		{6E7C5900-41AA-48E4-AFB1-F68D3A4B6C64}.Release|Any CPU.Build.0 = Release|Any CPU
		{E72D30CD-0C2F-40EC-B6C6-D68882F8BD4A}.Debug|Any CPU.ActiveCfg = Debug|Any CPU
		{E72D30CD-0C2F-40EC-B6C6-D68882F8BD4A}.Debug|Any CPU.Build.0 = Debug|Any CPU
		{E72D30CD-0C2F-40EC-B6C6-D68882F8BD4A}.Release|Any CPU.ActiveCfg = Release|Any CPU
		{E72D30CD-0C2F-40EC-B6C6-D68882F8BD4A}.Release|Any CPU.Build.0 = Release|Any CPU
		{83EBBE9C-B94D-4D38-8467-AD0FDC06DEA9}.Debug|Any CPU.ActiveCfg = Debug|Any CPU
		{83EBBE9C-B94D-4D38-8467-AD0FDC06DEA9}.Debug|Any CPU.Build.0 = Debug|Any CPU
		{83EBBE9C-B94D-4D38-8467-AD0FDC06DEA9}.Release|Any CPU.ActiveCfg = Release|Any CPU
		{83EBBE9C-B94D-4D38-8467-AD0FDC06DEA9}.Release|Any CPU.Build.0 = Release|Any CPU
		{8A84875F-7657-4235-BE71-0873CCEA4921}.Debug|Any CPU.ActiveCfg = Debug|Any CPU
		{8A84875F-7657-4235-BE71-0873CCEA4921}.Debug|Any CPU.Build.0 = Debug|Any CPU
		{8A84875F-7657-4235-BE71-0873CCEA4921}.Release|Any CPU.ActiveCfg = Release|Any CPU
		{8A84875F-7657-4235-BE71-0873CCEA4921}.Release|Any CPU.Build.0 = Release|Any CPU
		{6EBF96B8-A95E-4EF6-9A41-4C0E38C5EE5D}.Debug|Any CPU.ActiveCfg = Debug|Any CPU
		{6EBF96B8-A95E-4EF6-9A41-4C0E38C5EE5D}.Debug|Any CPU.Build.0 = Debug|Any CPU
		{6EBF96B8-A95E-4EF6-9A41-4C0E38C5EE5D}.Release|Any CPU.ActiveCfg = Release|Any CPU
		{6EBF96B8-A95E-4EF6-9A41-4C0E38C5EE5D}.Release|Any CPU.Build.0 = Release|Any CPU
		{C7B03EED-3803-4AF7-9A44-4E0224F881AF}.Debug|Any CPU.ActiveCfg = Debug|Any CPU
		{C7B03EED-3803-4AF7-9A44-4E0224F881AF}.Debug|Any CPU.Build.0 = Debug|Any CPU
		{C7B03EED-3803-4AF7-9A44-4E0224F881AF}.Release|Any CPU.ActiveCfg = Release|Any CPU
		{C7B03EED-3803-4AF7-9A44-4E0224F881AF}.Release|Any CPU.Build.0 = Release|Any CPU
		{CBB8B1E3-BA07-4441-AE35-A92FDCD1AF17}.Debug|Any CPU.ActiveCfg = Debug|Any CPU
		{CBB8B1E3-BA07-4441-AE35-A92FDCD1AF17}.Debug|Any CPU.Build.0 = Debug|Any CPU
		{CBB8B1E3-BA07-4441-AE35-A92FDCD1AF17}.Release|Any CPU.ActiveCfg = Release|Any CPU
		{CBB8B1E3-BA07-4441-AE35-A92FDCD1AF17}.Release|Any CPU.Build.0 = Release|Any CPU
		{D4CD8EB7-5990-4F4C-A708-F4A8FFD9CC2C}.Debug|Any CPU.ActiveCfg = Debug|Any CPU
		{D4CD8EB7-5990-4F4C-A708-F4A8FFD9CC2C}.Debug|Any CPU.Build.0 = Debug|Any CPU
		{D4CD8EB7-5990-4F4C-A708-F4A8FFD9CC2C}.Release|Any CPU.ActiveCfg = Release|Any CPU
		{D4CD8EB7-5990-4F4C-A708-F4A8FFD9CC2C}.Release|Any CPU.Build.0 = Release|Any CPU
		{B45EE305-80BF-4EAE-B28E-BA29259009C8}.Debug|Any CPU.ActiveCfg = Debug|Any CPU
		{B45EE305-80BF-4EAE-B28E-BA29259009C8}.Debug|Any CPU.Build.0 = Debug|Any CPU
		{B45EE305-80BF-4EAE-B28E-BA29259009C8}.Release|Any CPU.ActiveCfg = Release|Any CPU
		{B45EE305-80BF-4EAE-B28E-BA29259009C8}.Release|Any CPU.Build.0 = Release|Any CPU
	EndGlobalSection
	GlobalSection(SolutionProperties) = preSolution
		HideSolutionNode = FALSE
	EndGlobalSection
	GlobalSection(ExtensibilityGlobals) = postSolution
		SolutionGuid = {E3917246-209C-44D4-A4C1-F7169474DF71}
	EndGlobalSection
	GlobalSection(NestedProjects) = preSolution
		{95027CC5-0B9D-4A97-935B-7A6C5393F233} = {F8A75D80-6A80-4D67-9864-07C36D96B68B}
		{8835AB98-E8F3-481E-B4D5-B1D69BE6C253} = {F8A75D80-6A80-4D67-9864-07C36D96B68B}
		{21626E77-520B-47E3-8D49-CDEFF35E9130} = {F8A75D80-6A80-4D67-9864-07C36D96B68B}
		{88361D90-2F23-40A6-8AF2-A0877106758D} = {95027CC5-0B9D-4A97-935B-7A6C5393F233}
		{95C21ED3-7770-4D21-B1A8-124EA9341F46} = {95027CC5-0B9D-4A97-935B-7A6C5393F233}
		{1C76BF2E-4F11-45E7-AE34-9BC983212E58} = {95027CC5-0B9D-4A97-935B-7A6C5393F233}
		{BCF41DD1-7985-478A-991A-D214B98679C9} = {F8A75D80-6A80-4D67-9864-07C36D96B68B}
		{66F5F3B7-96E6-4C9D-9169-44E3979A2C18} = {95027CC5-0B9D-4A97-935B-7A6C5393F233}
		{0F9A557B-2AA1-4A75-87D8-09141EC6DDF7} = {F8A75D80-6A80-4D67-9864-07C36D96B68B}
		{6E7C5900-41AA-48E4-AFB1-F68D3A4B6C64} = {0F9A557B-2AA1-4A75-87D8-09141EC6DDF7}
		{E72D30CD-0C2F-40EC-B6C6-D68882F8BD4A} = {0F9A557B-2AA1-4A75-87D8-09141EC6DDF7}
		{83EBBE9C-B94D-4D38-8467-AD0FDC06DEA9} = {0F9A557B-2AA1-4A75-87D8-09141EC6DDF7}
		{8A84875F-7657-4235-BE71-0873CCEA4921} = {95027CC5-0B9D-4A97-935B-7A6C5393F233}
		{6EBF96B8-A95E-4EF6-9A41-4C0E38C5EE5D} = {95027CC5-0B9D-4A97-935B-7A6C5393F233}
		{C7B03EED-3803-4AF7-9A44-4E0224F881AF} = {FD9E9F17-E28F-4981-87EF-7EC6FF63152A}
		{CBB8B1E3-BA07-4441-AE35-A92FDCD1AF17} = {21626E77-520B-47E3-8D49-CDEFF35E9130}
		{D4CD8EB7-5990-4F4C-A708-F4A8FFD9CC2C} = {8835AB98-E8F3-481E-B4D5-B1D69BE6C253}
		{B45EE305-80BF-4EAE-B28E-BA29259009C8} = {8835AB98-E8F3-481E-B4D5-B1D69BE6C253}
	EndGlobalSection
EndGlobal
